github.com/brianvoe/gofakeit v3.18.0+incompatible h1:wDOmHc9DLG4nRjUVVaxA+CEglKOW72Y5+4WNxUIkjM8=
github.com/davecgh/go-spew v1.1.1 h1:vj9j/u1bqnvCEfJOwUhtlOARqs3+rkHYY13jYWTU97c=
github.com/pmezard/go-difflib v1.0.0 h1:4DBwDE0NGyQoBHbLQYPwSUPoCMWR5BEzIk/f1lZbAQM=
github.com/stretchr/testify v1.8.2 h1:+h33VjcLVPDHtOdpUCuF+7gSuG3yGIftsP1YvFihtJ8=
github.com/volkstrader/actress v1.2.0 h1:mzZQR/xItx5dq0iE1y5jdK12WA21gqiYuOnsFh7pqAk=
github.com/volkstrader/actress v1.2.0/go.mod h1:iI1omxFuxwSay2k1KOz2zXyv5ktIsPu9rf49Lk7temg=
github.com/volkstrader/girlfriend v1.3.1 h1:Q+kfjNvFKow/G3LzDv+Bk08UjoMyqrzLOGHChwmqKpI=
github.com/volkstrader/girlfriend v1.3.1/go.mod h1:zWTj3cMSXa96cKFtehbSjbmOEgp3kba/zRRXoyq63DU=
github.com/volkstrader/model v1.2.0 h1:2j+kuhbLxiZjs4ULRQ5JADJZDuOwik7aEloFCdRBI+0=
github.com/volkstrader/model v1.2.0/go.mod h1:NeLSp/eZzpim4iyiIgLq7DVVG6G2Wd5WooYCwC9/wYU=
gopkg.in/yaml.v3 v3.0.1 h1:fxVm/GzAzEWqLHuvctI91KS9hhNmmWOoWu0XTYJS7CA=
